
Microsoft Visual Studio Solution File, Format Version 12.00
# Visual Studio Version 17
VisualStudioVersion = 17.10.35122.118
MinimumVisualStudioVersion = 10.0.40219.1
Project("{FAE04EC0-301F-11D3-BF4B-00C04F79EFBC}") = "test product", "test product\test product.csproj", "{2BDEFFAB-BFC1-42FF-9C6D-302656D440D2}"
EndProject
Global
	GlobalSection(SolutionConfigurationPlatforms) = preSolution
		Debug|Any CPU = Debug|Any CPU
		Release|Any CPU = Release|Any CPU
	EndGlobalSection
	GlobalSection(ProjectConfigurationPlatforms) = postSolution
		{2BDEFFAB-BFC1-42FF-9C6D-302656D440D2}.Debug|Any CPU.ActiveCfg = Debug|Any CPU
		{2BDEFFAB-BFC1-42FF-9C6D-302656D440D2}.Debug|Any CPU.Build.0 = Debug|Any CPU
		{2BDEFFAB-BFC1-42FF-9C6D-302656D440D2}.Release|Any CPU.ActiveCfg = Release|Any CPU
		{2BDEFFAB-BFC1-42FF-9C6D-302656D440D2}.Release|Any CPU.Build.0 = Release|Any CPU
	EndGlobalSection
	GlobalSection(SolutionProperties) = preSolution
		HideSolutionNode = FALSE
	EndGlobalSection
	GlobalSection(ExtensibilityGlobals) = postSolution
		SolutionGuid = {C5D22207-C593-43A6-85E9-133D473C7D4D}
	EndGlobalSection
EndGlobal
