
Microsoft Visual Studio Solution File, Format Version 12.00
# Visual Studio Version 17
VisualStudioVersion = 17.10.35013.160
MinimumVisualStudioVersion = 10.0.40219.1
Project("{FAE04EC0-301F-11D3-BF4B-00C04F79EFBC}") = "topic 21-7", "topic 21-7\topic 21-7.csproj", "{19F6183B-7C3A-48CD-9F69-48A9A98B32D1}"
EndProject
Global
	GlobalSection(SolutionConfigurationPlatforms) = preSolution
		Debug|Any CPU = Debug|Any CPU
		Release|Any CPU = Release|Any CPU
	EndGlobalSection
	GlobalSection(ProjectConfigurationPlatforms) = postSolution
		{19F6183B-7C3A-48CD-9F69-48A9A98B32D1}.Debug|Any CPU.ActiveCfg = Debug|Any CPU
		{19F6183B-7C3A-48CD-9F69-48A9A98B32D1}.Debug|Any CPU.Build.0 = Debug|Any CPU
		{19F6183B-7C3A-48CD-9F69-48A9A98B32D1}.Release|Any CPU.ActiveCfg = Release|Any CPU
		{19F6183B-7C3A-48CD-9F69-48A9A98B32D1}.Release|Any CPU.Build.0 = Release|Any CPU
	EndGlobalSection
	GlobalSection(SolutionProperties) = preSolution
		HideSolutionNode = FALSE
	EndGlobalSection
	GlobalSection(ExtensibilityGlobals) = postSolution
		SolutionGuid = {3C09CF4A-A6DD-49AB-AFA9-310EE186D2DB}
	EndGlobalSection
EndGlobal
